
Microsoft Visual Studio Solution File, Format Version 12.00
# Visual Studio Version 17
VisualStudioVersion = 17.14.36221.1
MinimumVisualStudioVersion = 10.0.40219.1
Project("{FAE04EC0-301F-11D3-BF4B-00C04F79EFBC}") = "CODE", "ConsoleApp8\CODE.csproj", "{71AD06B2-5F7D-4055-B0A2-5F4B11B4ABCE}"
EndProject
Project("{FAE04EC0-301F-11D3-BF4B-00C04F79EFBC}") = "ClassLibrary1", "ClassLibrary1\ClassLibrary1.csproj", "{4120900A-7239-442A-99D5-F02EB6027927}"
EndProject
Global
	GlobalSection(SolutionConfigurationPlatforms) = preSolution
		Debug|Any CPU = Debug|Any CPU
		Release|Any CPU = Release|Any CPU
	EndGlobalSection
	GlobalSection(ProjectConfigurationPlatforms) = postSolution
		{71AD06B2-5F7D-4055-B0A2-5F4B11B4ABCE}.Debug|Any CPU.ActiveCfg = Debug|Any CPU
		{71AD06B2-5F7D-4055-B0A2-5F4B11B4ABCE}.Debug|Any CPU.Build.0 = Debug|Any CPU
		{71AD06B2-5F7D-4055-B0A2-5F4B11B4ABCE}.Release|Any CPU.ActiveCfg = Release|Any CPU
		{71AD06B2-5F7D-4055-B0A2-5F4B11B4ABCE}.Release|Any CPU.Build.0 = Release|Any CPU
		{4120900A-7239-442A-99D5-F02EB6027927}.Debug|Any CPU.ActiveCfg = Debug|Any CPU
		{4120900A-7239-442A-99D5-F02EB6027927}.Debug|Any CPU.Build.0 = Debug|Any CPU
		{4120900A-7239-442A-99D5-F02EB6027927}.Release|Any CPU.ActiveCfg = Release|Any CPU
		{4120900A-7239-442A-99D5-F02EB6027927}.Release|Any CPU.Build.0 = Release|Any CPU
	EndGlobalSection
	GlobalSection(SolutionProperties) = preSolution
		HideSolutionNode = FALSE
	EndGlobalSection
	GlobalSection(ExtensibilityGlobals) = postSolution
		SolutionGuid = {6CA69031-36B6-40DF-AC68-2209369A45CE}
	EndGlobalSection
EndGlobal
